
Microsoft Visual Studio Solution File, Format Version 12.00
# Visual Studio Version 17
VisualStudioVersion = 17.0.31903.59
MinimumVisualStudioVersion = 10.0.40219.1
Project("{2150E333-8FDC-42A3-9474-1A3956D46DE8}") = "src", "src", "{827E0CD3-B72D-47B6-A68D-7590B98EB39B}"
EndProject
Project("{FAE04EC0-301F-11D3-BF4B-00C04F79EFBC}") = "Valoron.Api", "src\Valoron.Api\Valoron.Api.csproj", "{18D61E1E-5568-47EF-8931-93B58760B593}"
EndProject
Project("{2150E333-8FDC-42A3-9474-1A3956D46DE8}") = "BuildingBlocks", "BuildingBlocks", "{90298CBA-BD6F-3A0A-69D5-97CAD7B05E7E}"
EndProject
Project("{FAE04EC0-301F-11D3-BF4B-00C04F79EFBC}") = "Valoron.BuildingBlocks", "src\BuildingBlocks\Valoron.BuildingBlocks\Valoron.BuildingBlocks.csproj", "{6A4F5574-4B37-465A-8104-0BF18419B039}"
EndProject
Project("{2150E333-8FDC-42A3-9474-1A3956D46DE8}") = "Modules", "Modules", "{EC447DCF-ABFA-6E24-52A5-D7FD48A5C558}"
EndProject
Project("{2150E333-8FDC-42A3-9474-1A3956D46DE8}") = "Activities", "Activities", "{3B78504E-7DB8-4F6E-5DC9-009B994C7C64}"
EndProject
Project("{FAE04EC0-301F-11D3-BF4B-00C04F79EFBC}") = "Valoron.Activities.Domain", "src\Modules\Activities\Valoron.Activities.Domain\Valoron.Activities.Domain.csproj", "{360D70FD-D6D3-4370-ACA0-B3D8848B7193}"
EndProject
Project("{FAE04EC0-301F-11D3-BF4B-00C04F79EFBC}") = "Valoron.Activities.Application", "src\Modules\Activities\Valoron.Activities.Application\Valoron.Activities.Application.csproj", "{CAFFED68-ABF7-4DBE-831E-36B397769F9A}"
EndProject
Project("{FAE04EC0-301F-11D3-BF4B-00C04F79EFBC}") = "Valoron.Activities.Infrastructure", "src\Modules\Activities\Valoron.Activities.Infrastructure\Valoron.Activities.Infrastructure.csproj", "{6DCCD0D9-A96A-45F1-895B-300D382E9F77}"
EndProject
Project("{2150E333-8FDC-42A3-9474-1A3956D46DE8}") = "tests", "tests", "{0AB3BF05-4346-4AA6-1389-037BE0695223}"
EndProject
Project("{FAE04EC0-301F-11D3-BF4B-00C04F79EFBC}") = "Valoron.Activities.Tests", "tests\Valoron.Activities.Tests\Valoron.Activities.Tests.csproj", "{97E57D38-90D1-478C-8F62-02DE8E1F4386}"
EndProject
Global
	GlobalSection(SolutionConfigurationPlatforms) = preSolution
		Debug|Any CPU = Debug|Any CPU
		Debug|x64 = Debug|x64
		Debug|x86 = Debug|x86
		Release|Any CPU = Release|Any CPU
		Release|x64 = Release|x64
		Release|x86 = Release|x86
	EndGlobalSection
	GlobalSection(ProjectConfigurationPlatforms) = postSolution
		{18D61E1E-5568-47EF-8931-93B58760B593}.Debug|Any CPU.ActiveCfg = Debug|Any CPU
		{18D61E1E-5568-47EF-8931-93B58760B593}.Debug|Any CPU.Build.0 = Debug|Any CPU
		{18D61E1E-5568-47EF-8931-93B58760B593}.Debug|x64.ActiveCfg = Debug|Any CPU
		{18D61E1E-5568-47EF-8931-93B58760B593}.Debug|x64.Build.0 = Debug|Any CPU
		{18D61E1E-5568-47EF-8931-93B58760B593}.Debug|x86.ActiveCfg = Debug|Any CPU
		{18D61E1E-5568-47EF-8931-93B58760B593}.Debug|x86.Build.0 = Debug|Any CPU
		{18D61E1E-5568-47EF-8931-93B58760B593}.Release|Any CPU.ActiveCfg = Release|Any CPU
		{18D61E1E-5568-47EF-8931-93B58760B593}.Release|Any CPU.Build.0 = Release|Any CPU
		{18D61E1E-5568-47EF-8931-93B58760B593}.Release|x64.ActiveCfg = Release|Any CPU
		{18D61E1E-5568-47EF-8931-93B58760B593}.Release|x64.Build.0 = Release|Any CPU
		{18D61E1E-5568-47EF-8931-93B58760B593}.Release|x86.ActiveCfg = Release|Any CPU
		{18D61E1E-5568-47EF-8931-93B58760B593}.Release|x86.Build.0 = Release|Any CPU
		{6A4F5574-4B37-465A-8104-0BF18419B039}.Debug|Any CPU.ActiveCfg = Debug|Any CPU
		{6A4F5574-4B37-465A-8104-0BF18419B039}.Debug|Any CPU.Build.0 = Debug|Any CPU
		{6A4F5574-4B37-465A-8104-0BF18419B039}.Debug|x64.ActiveCfg = Debug|Any CPU
		{6A4F5574-4B37-465A-8104-0BF18419B039}.Debug|x64.Build.0 = Debug|Any CPU
		{6A4F5574-4B37-465A-8104-0BF18419B039}.Debug|x86.ActiveCfg = Debug|Any CPU
		{6A4F5574-4B37-465A-8104-0BF18419B039}.Debug|x86.Build.0 = Debug|Any CPU
		{6A4F5574-4B37-465A-8104-0BF18419B039}.Release|Any CPU.ActiveCfg = Release|Any CPU
		{6A4F5574-4B37-465A-8104-0BF18419B039}.Release|Any CPU.Build.0 = Release|Any CPU
		{6A4F5574-4B37-465A-8104-0BF18419B039}.Release|x64.ActiveCfg = Release|Any CPU
		{6A4F5574-4B37-465A-8104-0BF18419B039}.Release|x64.Build.0 = Release|Any CPU
		{6A4F5574-4B37-465A-8104-0BF18419B039}.Release|x86.ActiveCfg = Release|Any CPU
		{6A4F5574-4B37-465A-8104-0BF18419B039}.Release|x86.Build.0 = Release|Any CPU
		{360D70FD-D6D3-4370-ACA0-B3D8848B7193}.Debug|Any CPU.ActiveCfg = Debug|Any CPU
		{360D70FD-D6D3-4370-ACA0-B3D8848B7193}.Debug|Any CPU.Build.0 = Debug|Any CPU
		{360D70FD-D6D3-4370-ACA0-B3D8848B7193}.Debug|x64.ActiveCfg = Debug|Any CPU
		{360D70FD-D6D3-4370-ACA0-B3D8848B7193}.Debug|x64.Build.0 = Debug|Any CPU
		{360D70FD-D6D3-4370-ACA0-B3D8848B7193}.Debug|x86.ActiveCfg = Debug|Any CPU
		{360D70FD-D6D3-4370-ACA0-B3D8848B7193}.Debug|x86.Build.0 = Debug|Any CPU
		{360D70FD-D6D3-4370-ACA0-B3D8848B7193}.Release|Any CPU.ActiveCfg = Release|Any CPU
		{360D70FD-D6D3-4370-ACA0-B3D8848B7193}.Release|Any CPU.Build.0 = Release|Any CPU
		{360D70FD-D6D3-4370-ACA0-B3D8848B7193}.Release|x64.ActiveCfg = Release|Any CPU
		{360D70FD-D6D3-4370-ACA0-B3D8848B7193}.Release|x64.Build.0 = Release|Any CPU
		{360D70FD-D6D3-4370-ACA0-B3D8848B7193}.Release|x86.ActiveCfg = Release|Any CPU
		{360D70FD-D6D3-4370-ACA0-B3D8848B7193}.Release|x86.Build.0 = Release|Any CPU
		{CAFFED68-ABF7-4DBE-831E-36B397769F9A}.Debug|Any CPU.ActiveCfg = Debug|Any CPU
		{CAFFED68-ABF7-4DBE-831E-36B397769F9A}.Debug|Any CPU.Build.0 = Debug|Any CPU
		{CAFFED68-ABF7-4DBE-831E-36B397769F9A}.Debug|x64.ActiveCfg = Debug|Any CPU
		{CAFFED68-ABF7-4DBE-831E-36B397769F9A}.Debug|x64.Build.0 = Debug|Any CPU
		{CAFFED68-ABF7-4DBE-831E-36B397769F9A}.Debug|x86.ActiveCfg = Debug|Any CPU
		{CAFFED68-ABF7-4DBE-831E-36B397769F9A}.Debug|x86.Build.0 = Debug|Any CPU
		{CAFFED68-ABF7-4DBE-831E-36B397769F9A}.Release|Any CPU.ActiveCfg = Release|Any CPU
		{CAFFED68-ABF7-4DBE-831E-36B397769F9A}.Release|Any CPU.Build.0 = Release|Any CPU
		{CAFFED68-ABF7-4DBE-831E-36B397769F9A}.Release|x64.ActiveCfg = Release|Any CPU
		{CAFFED68-ABF7-4DBE-831E-36B397769F9A}.Release|x64.Build.0 = Release|Any CPU
		{CAFFED68-ABF7-4DBE-831E-36B397769F9A}.Release|x86.ActiveCfg = Release|Any CPU
		{CAFFED68-ABF7-4DBE-831E-36B397769F9A}.Release|x86.Build.0 = Release|Any CPU
		{6DCCD0D9-A96A-45F1-895B-300D382E9F77}.Debug|Any CPU.ActiveCfg = Debug|Any CPU
		{6DCCD0D9-A96A-45F1-895B-300D382E9F77}.Debug|Any CPU.Build.0 = Debug|Any CPU
		{6DCCD0D9-A96A-45F1-895B-300D382E9F77}.Debug|x64.ActiveCfg = Debug|Any CPU
		{6DCCD0D9-A96A-45F1-895B-300D382E9F77}.Debug|x64.Build.0 = Debug|Any CPU
		{6DCCD0D9-A96A-45F1-895B-300D382E9F77}.Debug|x86.ActiveCfg = Debug|Any CPU
		{6DCCD0D9-A96A-45F1-895B-300D382E9F77}.Debug|x86.Build.0 = Debug|Any CPU
		{6DCCD0D9-A96A-45F1-895B-300D382E9F77}.Release|Any CPU.ActiveCfg = Release|Any CPU
		{6DCCD0D9-A96A-45F1-895B-300D382E9F77}.Release|Any CPU.Build.0 = Release|Any CPU
		{6DCCD0D9-A96A-45F1-895B-300D382E9F77}.Release|x64.ActiveCfg = Release|Any CPU
		{6DCCD0D9-A96A-45F1-895B-300D382E9F77}.Release|x64.Build.0 = Release|Any CPU
		{6DCCD0D9-A96A-45F1-895B-300D382E9F77}.Release|x86.ActiveCfg = Release|Any CPU
		{6DCCD0D9-A96A-45F1-895B-300D382E9F77}.Release|x86.Build.0 = Release|Any CPU
		{97E57D38-90D1-478C-8F62-02DE8E1F4386}.Debug|Any CPU.ActiveCfg = Debug|Any CPU
		{97E57D38-90D1-478C-8F62-02DE8E1F4386}.Debug|Any CPU.Build.0 = Debug|Any CPU
		{97E57D38-90D1-478C-8F62-02DE8E1F4386}.Debug|x64.ActiveCfg = Debug|Any CPU
		{97E57D38-90D1-478C-8F62-02DE8E1F4386}.Debug|x64.Build.0 = Debug|Any CPU
		{97E57D38-90D1-478C-8F62-02DE8E1F4386}.Debug|x86.ActiveCfg = Debug|Any CPU
		{97E57D38-90D1-478C-8F62-02DE8E1F4386}.Debug|x86.Build.0 = Debug|Any CPU
		{97E57D38-90D1-478C-8F62-02DE8E1F4386}.Release|Any CPU.ActiveCfg = Release|Any CPU
		{97E57D38-90D1-478C-8F62-02DE8E1F4386}.Release|Any CPU.Build.0 = Release|Any CPU
		{97E57D38-90D1-478C-8F62-02DE8E1F4386}.Release|x64.ActiveCfg = Release|Any CPU
		{97E57D38-90D1-478C-8F62-02DE8E1F4386}.Release|x64.Build.0 = Release|Any CPU
		{97E57D38-90D1-478C-8F62-02DE8E1F4386}.Release|x86.ActiveCfg = Release|Any CPU
		{97E57D38-90D1-478C-8F62-02DE8E1F4386}.Release|x86.Build.0 = Release|Any CPU
	EndGlobalSection
	GlobalSection(SolutionProperties) = preSolution
		HideSolutionNode = FALSE
	EndGlobalSection
	GlobalSection(NestedProjects) = preSolution
		{18D61E1E-5568-47EF-8931-93B58760B593} = {827E0CD3-B72D-47B6-A68D-7590B98EB39B}
		{90298CBA-BD6F-3A0A-69D5-97CAD7B05E7E} = {827E0CD3-B72D-47B6-A68D-7590B98EB39B}
		{6A4F5574-4B37-465A-8104-0BF18419B039} = {90298CBA-BD6F-3A0A-69D5-97CAD7B05E7E}
		{EC447DCF-ABFA-6E24-52A5-D7FD48A5C558} = {827E0CD3-B72D-47B6-A68D-7590B98EB39B}
		{3B78504E-7DB8-4F6E-5DC9-009B994C7C64} = {EC447DCF-ABFA-6E24-52A5-D7FD48A5C558}
		{360D70FD-D6D3-4370-ACA0-B3D8848B7193} = {3B78504E-7DB8-4F6E-5DC9-009B994C7C64}
		{CAFFED68-ABF7-4DBE-831E-36B397769F9A} = {3B78504E-7DB8-4F6E-5DC9-009B994C7C64}
		{6DCCD0D9-A96A-45F1-895B-300D382E9F77} = {3B78504E-7DB8-4F6E-5DC9-009B994C7C64}
		{97E57D38-90D1-478C-8F62-02DE8E1F4386} = {0AB3BF05-4346-4AA6-1389-037BE0695223}
	EndGlobalSection
EndGlobal
